
Microsoft Visual Studio Solution File, Format Version 12.00
# Visual Studio Version 16
VisualStudioVersion = 16.0.30011.22
MinimumVisualStudioVersion = 10.0.40219.1
Project("{FAE04EC0-301F-11D3-BF4B-00C04F79EFBC}") = "OHunt.Web", "OHunt.Web\OHunt.Web.csproj", "{5346870A-A941-45D7-B4AA-FE0507FF3E94}"
EndProject
Global
	GlobalSection(SolutionConfigurationPlatforms) = preSolution
		Debug|Any CPU = Debug|Any CPU
		Release|Any CPU = Release|Any CPU
	EndGlobalSection
	GlobalSection(ProjectConfigurationPlatforms) = postSolution
		{5346870A-A941-45D7-B4AA-FE0507FF3E94}.Debug|Any CPU.ActiveCfg = Debug|Any CPU
		{5346870A-A941-45D7-B4AA-FE0507FF3E94}.Debug|Any CPU.Build.0 = Debug|Any CPU
		{5346870A-A941-45D7-B4AA-FE0507FF3E94}.Release|Any CPU.ActiveCfg = Release|Any CPU
		{5346870A-A941-45D7-B4AA-FE0507FF3E94}.Release|Any CPU.Build.0 = Release|Any CPU
	EndGlobalSection
	GlobalSection(SolutionProperties) = preSolution
		HideSolutionNode = FALSE
	EndGlobalSection
	GlobalSection(ExtensibilityGlobals) = postSolution
		SolutionGuid = {222CDAE8-0572-49DE-85F2-21476F5AB68F}
	EndGlobalSection
EndGlobal
